// !$*UTF8*$!
{
	archiveVersion = 1;
	classes = {
	};
	objectVersion = 46;
	objects = {

/* Begin PBXBuildFile section */
		2DDFD4E91C77A27B00648974 /* AppDelegate.m in Sources */ = {isa = PBXBuildFile; fileRef = 2DDFD4E81C77A27B00648974 /* AppDelegate.m */; };
		2DDFD4EC1C77A27B00648974 /* main.m in Sources */ = {isa = PBXBuildFile; fileRef = 2DDFD4EB1C77A27B00648974 /* main.m */; };
		2DDFD4EE1C77A27B00648974 /* Assets.xcassets in Resources */ = {isa = PBXBuildFile; fileRef = 2DDFD4ED1C77A27B00648974 /* Assets.xcassets */; };
		2DDFD4F11C77A27B00648974 /* MainMenu.xib in Resources */ = {isa = PBXBuildFile; fileRef = 2DDFD4EF1C77A27B00648974 /* MainMenu.xib */; };
		2DEEC9BE1C7AF650002213C5 /* SBFloatingWindow.m in Sources */ = {isa = PBXBuildFile; fileRef = 2DEEC9BD1C7AF650002213C5 /* SBFloatingWindow.m */; };
		2DEEC9C11C7AF7EF002213C5 /* AppController.m in Sources */ = {isa = PBXBuildFile; fileRef = 2DEEC9C01C7AF7EF002213C5 /* AppController.m */; };
		2DEEC9CA1C7B10CF002213C5 /* SBTextField.m in Sources */ = {isa = PBXBuildFile; fileRef = 2DEEC9C91C7B10CF002213C5 /* SBTextField.m */; };
		2DEEC9CF1C7B1914002213C5 /* SBUtils.m in Sources */ = {isa = PBXBuildFile; fileRef = 2DEEC9CE1C7B1914002213C5 /* SBUtils.m */; };
/* End PBXBuildFile section */

/* Begin PBXFileReference section */
		2DDFD4E41C77A27B00648974 /* Shebang.app */ = {isa = PBXFileReference; explicitFileType = wrapper.application; includeInIndex = 0; path = Shebang.app; sourceTree = BUILT_PRODUCTS_DIR; };
		2DDFD4E71C77A27B00648974 /* AppDelegate.h */ = {isa = PBXFileReference; lastKnownFileType = sourcecode.c.h; path = AppDelegate.h; sourceTree = "<group>"; };
		2DDFD4E81C77A27B00648974 /* AppDelegate.m */ = {isa = PBXFileReference; lastKnownFileType = sourcecode.c.objc; path = AppDelegate.m; sourceTree = "<group>"; };
		2DDFD4EB1C77A27B00648974 /* main.m */ = {isa = PBXFileReference; lastKnownFileType = sourcecode.c.objc; path = main.m; sourceTree = "<group>"; };
		2DDFD4ED1C77A27B00648974 /* Assets.xcassets */ = {isa = PBXFileReference; lastKnownFileType = folder.assetcatalog; path = Assets.xcassets; sourceTree = "<group>"; };
		2DDFD4F01C77A27B00648974 /* Base */ = {isa = PBXFileReference; lastKnownFileType = file.xib; name = Base; path = Base.lproj/MainMenu.xib; sourceTree = "<group>"; };
		2DDFD4F21C77A27B00648974 /* Info.plist */ = {isa = PBXFileReference; lastKnownFileType = text.plist.xml; path = Info.plist; sourceTree = "<group>"; };
		2DEEC9BC1C7AF650002213C5 /* SBFloatingWindow.h */ = {isa = PBXFileReference; fileEncoding = 4; lastKnownFileType = sourcecode.c.h; path = SBFloatingWindow.h; sourceTree = "<group>"; };
		2DEEC9BD1C7AF650002213C5 /* SBFloatingWindow.m */ = {isa = PBXFileReference; fileEncoding = 4; lastKnownFileType = sourcecode.c.objc; path = SBFloatingWindow.m; sourceTree = "<group>"; };
		2DEEC9BF1C7AF7EF002213C5 /* AppController.h */ = {isa = PBXFileReference; fileEncoding = 4; lastKnownFileType = sourcecode.c.h; path = AppController.h; sourceTree = "<group>"; };
		2DEEC9C01C7AF7EF002213C5 /* AppController.m */ = {isa = PBXFileReference; fileEncoding = 4; lastKnownFileType = sourcecode.c.objc; path = AppController.m; sourceTree = "<group>"; };
		2DEEC9C81C7B10CF002213C5 /* SBTextField.h */ = {isa = PBXFileReference; fileEncoding = 4; lastKnownFileType = sourcecode.c.h; name = SBTextField.h; path = ../SBTextField.h; sourceTree = "<group>"; };
		2DEEC9C91C7B10CF002213C5 /* SBTextField.m */ = {isa = PBXFileReference; fileEncoding = 4; lastKnownFileType = sourcecode.c.objc; name = SBTextField.m; path = ../SBTextField.m; sourceTree = "<group>"; };
		2DEEC9CC1C7B136F002213C5 /* SBGlobals.h */ = {isa = PBXFileReference; lastKnownFileType = sourcecode.c.h; name = SBGlobals.h; path = ../SBGlobals.h; sourceTree = "<group>"; };
		2DEEC9CD1C7B1914002213C5 /* SBUtils.h */ = {isa = PBXFileReference; fileEncoding = 4; lastKnownFileType = sourcecode.c.h; path = SBUtils.h; sourceTree = "<group>"; };
		2DEEC9CE1C7B1914002213C5 /* SBUtils.m */ = {isa = PBXFileReference; fileEncoding = 4; lastKnownFileType = sourcecode.c.objc; path = SBUtils.m; sourceTree = "<group>"; };
/* End PBXFileReference section */

/* Begin PBXFrameworksBuildPhase section */
		2DDFD4E11C77A27B00648974 /* Frameworks */ = {
			isa = PBXFrameworksBuildPhase;
			buildActionMask = 2147483647;
			files = (
			);
			runOnlyForDeploymentPostprocessing = 0;
		};
/* End PBXFrameworksBuildPhase section */

/* Begin PBXGroup section */
		2DDFD4DB1C77A27B00648974 = {
			isa = PBXGroup;
			children = (
				2DDFD4E61C77A27B00648974 /* Shebang */,
				2DDFD4E51C77A27B00648974 /* Products */,
			);
			sourceTree = "<group>";
		};
		2DDFD4E51C77A27B00648974 /* Products */ = {
			isa = PBXGroup;
			children = (
				2DDFD4E41C77A27B00648974 /* Shebang.app */,
			);
			name = Products;
			sourceTree = "<group>";
		};
		2DDFD4E61C77A27B00648974 /* Shebang */ = {
			isa = PBXGroup;
			children = (
				2DEEC9D01C7B1920002213C5 /* Utils */,
				2DEEC9CB1C7B10E3002213C5 /* Interface */,
				2DDFD4E71C77A27B00648974 /* AppDelegate.h */,
				2DDFD4E81C77A27B00648974 /* AppDelegate.m */,
				2DEEC9BF1C7AF7EF002213C5 /* AppController.h */,
				2DEEC9C01C7AF7EF002213C5 /* AppController.m */,
				2DDFD4ED1C77A27B00648974 /* Assets.xcassets */,
				2DDFD4EF1C77A27B00648974 /* MainMenu.xib */,
				2DDFD4F21C77A27B00648974 /* Info.plist */,
				2DDFD4EA1C77A27B00648974 /* Supporting Files */,
			);
			path = Shebang;
			sourceTree = "<group>";
		};
		2DDFD4EA1C77A27B00648974 /* Supporting Files */ = {
			isa = PBXGroup;
			children = (
				2DDFD4EB1C77A27B00648974 /* main.m */,
			);
			name = "Supporting Files";
			sourceTree = "<group>";
		};
		2DEEC9CB1C7B10E3002213C5 /* Interface */ = {
			isa = PBXGroup;
			children = (
				2DEEC9C81C7B10CF002213C5 /* SBTextField.h */,
				2DEEC9C91C7B10CF002213C5 /* SBTextField.m */,
				2DEEC9BC1C7AF650002213C5 /* SBFloatingWindow.h */,
				2DEEC9BD1C7AF650002213C5 /* SBFloatingWindow.m */,
			);
			name = Interface;
			sourceTree = "<group>";
		};
		2DEEC9D01C7B1920002213C5 /* Utils */ = {
			isa = PBXGroup;
			children = (
				2DEEC9CD1C7B1914002213C5 /* SBUtils.h */,
				2DEEC9CE1C7B1914002213C5 /* SBUtils.m */,
				2DEEC9CC1C7B136F002213C5 /* SBGlobals.h */,
			);
			name = Utils;
			sourceTree = "<group>";
		};
/* End PBXGroup section */

/* Begin PBXNativeTarget section */
		2DDFD4E31C77A27B00648974 /* Shebang */ = {
			isa = PBXNativeTarget;
			buildConfigurationList = 2DDFD4F51C77A27B00648974 /* Build configuration list for PBXNativeTarget "Shebang" */;
			buildPhases = (
				2DDFD4E01C77A27B00648974 /* Sources */,
				2DDFD4E11C77A27B00648974 /* Frameworks */,
				2DDFD4E21C77A27B00648974 /* Resources */,
			);
			buildRules = (
			);
			dependencies = (
			);
			name = Shebang;
			productName = Shebang;
			productReference = 2DDFD4E41C77A27B00648974 /* Shebang.app */;
			productType = "com.apple.product-type.application";
		};
/* End PBXNativeTarget section */

/* Begin PBXProject section */
		2DDFD4DC1C77A27B00648974 /* Project object */ = {
			isa = PBXProject;
			attributes = {
				LastUpgradeCheck = 0720;
				ORGANIZATIONNAME = "Ajay Madhusudan";
				TargetAttributes = {
					2DDFD4E31C77A27B00648974 = {
						CreatedOnToolsVersion = 7.2.1;
					};
				};
			};
			buildConfigurationList = 2DDFD4DF1C77A27B00648974 /* Build configuration list for PBXProject "Shebang" */;
			compatibilityVersion = "Xcode 3.2";
			developmentRegion = English;
			hasScannedForEncodings = 0;
			knownRegions = (
				en,
				Base,
			);
			mainGroup = 2DDFD4DB1C77A27B00648974;
			productRefGroup = 2DDFD4E51C77A27B00648974 /* Products */;
			projectDirPath = "";
			projectRoot = "";
			targets = (
				2DDFD4E31C77A27B00648974 /* Shebang */,
			);
		};
/* End PBXProject section */

/* Begin PBXResourcesBuildPhase section */
		2DDFD4E21C77A27B00648974 /* Resources */ = {
			isa = PBXResourcesBuildPhase;
			buildActionMask = 2147483647;
			files = (
				2DDFD4EE1C77A27B00648974 /* Assets.xcassets in Resources */,
				2DDFD4F11C77A27B00648974 /* MainMenu.xib in Resources */,
			);
			runOnlyForDeploymentPostprocessing = 0;
		};
/* End PBXResourcesBuildPhase section */

/* Begin PBXSourcesBuildPhase section */
		2DDFD4E01C77A27B00648974 /* Sources */ = {
			isa = PBXSourcesBuildPhase;
			buildActionMask = 2147483647;
			files = (
				2DEEC9CA1C7B10CF002213C5 /* SBTextField.m in Sources */,
				2DDFD4EC1C77A27B00648974 /* main.m in Sources */,
				2DDFD4E91C77A27B00648974 /* AppDelegate.m in Sources */,
				2DEEC9BE1C7AF650002213C5 /* SBFloatingWindow.m in Sources */,
				2DEEC9CF1C7B1914002213C5 /* SBUtils.m in Sources */,
				2DEEC9C11C7AF7EF002213C5 /* AppController.m in Sources */,
			);
			runOnlyForDeploymentPostprocessing = 0;
		};
/* End PBXSourcesBuildPhase section */

/* Begin PBXVariantGroup section */
		2DDFD4EF1C77A27B00648974 /* MainMenu.xib */ = {
			isa = PBXVariantGroup;
			children = (
				2DDFD4F01C77A27B00648974 /* Base */,
			);
			name = MainMenu.xib;
			sourceTree = "<group>";
		};
/* End PBXVariantGroup section */

/* Begin XCBuildConfiguration section */
		2DDFD4F31C77A27B00648974 /* Debug */ = {
			isa = XCBuildConfiguration;
			buildSettings = {
				ALWAYS_SEARCH_USER_PATHS = NO;
				CLANG_CXX_LANGUAGE_STANDARD = "gnu++0x";
				CLANG_CXX_LIBRARY = "libc++";
				CLANG_ENABLE_MODULES = YES;
				CLANG_ENABLE_OBJC_ARC = YES;
				CLANG_WARN_BOOL_CONVERSION = YES;
				CLANG_WARN_CONSTANT_CONVERSION = YES;
				CLANG_WARN_DIRECT_OBJC_ISA_USAGE = YES_ERROR;
				CLANG_WARN_EMPTY_BODY = YES;
				CLANG_WARN_ENUM_CONVERSION = YES;
				CLANG_WARN_INT_CONVERSION = YES;
				CLANG_WARN_OBJC_ROOT_CLASS = YES_ERROR;
				CLANG_WARN_UNREACHABLE_CODE = YES;
				CLANG_WARN__DUPLICATE_METHOD_MATCH = YES;
				CODE_SIGN_IDENTITY = "-";
				COPY_PHASE_STRIP = NO;
				DEBUG_INFORMATION_FORMAT = dwarf;
				ENABLE_STRICT_OBJC_MSGSEND = YES;
				ENABLE_TESTABILITY = YES;
				GCC_C_LANGUAGE_STANDARD = gnu99;
				GCC_DYNAMIC_NO_PIC = NO;
				GCC_NO_COMMON_BLOCKS = YES;
				GCC_OPTIMIZATION_LEVEL = 0;
				GCC_PREPROCESSOR_DEFINITIONS = (
					"DEBUG=1",
					"$(inherited)",
				);
				GCC_WARN_64_TO_32_BIT_CONVERSION = YES;
				GCC_WARN_ABOUT_RETURN_TYPE = YES_ERROR;
				GCC_WARN_UNDECLARED_SELECTOR = YES;
				GCC_WARN_UNINITIALIZED_AUTOS = YES_AGGRESSIVE;
				GCC_WARN_UNUSED_FUNCTION = YES;
				GCC_WARN_UNUSED_VARIABLE = YES;
				MACOSX_DEPLOYMENT_TARGET = 10.11;
				MTL_ENABLE_DEBUG_INFO = YES;
				ONLY_ACTIVE_ARCH = YES;
				SDKROOT = macosx;
			};
			name = Debug;
		};
		2DDFD4F41C77A27B00648974 /* Release */ = {
			isa = XCBuildConfiguration;
			buildSettings = {
				ALWAYS_SEARCH_USER_PATHS = NO;
				CLANG_CXX_LANGUAGE_STANDARD = "gnu++0x";
				CLANG_CXX_LIBRARY = "libc++";
				CLANG_ENABLE_MODULES = YES;
				CLANG_ENABLE_OBJC_ARC = YES;
				CLANG_WARN_BOOL_CONVERSION = YES;
				CLANG_WARN_CONSTANT_CONVERSION = YES;
				CLANG_WARN_DIRECT_OBJC_ISA_USAGE = YES_ERROR;
				CLANG_WARN_EMPTY_BODY = YES;
				CLANG_WARN_ENUM_CONVERSION = YES;
				CLANG_WARN_INT_CONVERSION = YES;
				CLANG_WARN_OBJC_ROOT_CLASS = YES_ERROR;
				CLANG_WARN_UNREACHABLE_CODE = YES;
				CLANG_WARN__DUPLICATE_METHOD_MATCH = YES;
				CODE_SIGN_IDENTITY = "-";
				COPY_PHASE_STRIP = NO;
				DEBUG_INFORMATION_FORMAT = "dwarf-with-dsym";
				ENABLE_NS_ASSERTIONS = NO;
				ENABLE_STRICT_OBJC_MSGSEND = YES;
				GCC_C_LANGUAGE_STANDARD = gnu99;
				GCC_NO_COMMON_BLOCKS = YES;
				GCC_WARN_64_TO_32_BIT_CONVERSION = YES;
				GCC_WARN_ABOUT_RETURN_TYPE = YES_ERROR;
				GCC_WARN_UNDECLARED_SELECTOR = YES;
				GCC_WARN_UNINITIALIZED_AUTOS = YES_AGGRESSIVE;
				GCC_WARN_UNUSED_FUNCTION = YES;
				GCC_WARN_UNUSED_VARIABLE = YES;
				MACOSX_DEPLOYMENT_TARGET = 10.11;
				MTL_ENABLE_DEBUG_INFO = NO;
				SDKROOT = macosx;
			};
			name = Release;
		};
		2DDFD4F61C77A27B00648974 /* Debug */ = {
			isa = XCBuildConfiguration;
			buildSettings = {
				ASSETCATALOG_COMPILER_APPICON_NAME = AppIcon;
				COMBINE_HIDPI_IMAGES = YES;
				INFOPLIST_FILE = Shebang/Info.plist;
				LD_RUNPATH_SEARCH_PATHS = "$(inherited) @executable_path/../Frameworks";
				PRODUCT_BUNDLE_IDENTIFIER = com.ajaymt.Shebang;
				PRODUCT_NAME = "$(TARGET_NAME)";
			};
			name = Debug;
		};
		2DDFD4F71C77A27B00648974 /* Release */ = {
			isa = XCBuildConfiguration;
			buildSettings = {
				ASSETCATALOG_COMPILER_APPICON_NAME = AppIcon;
				COMBINE_HIDPI_IMAGES = YES;
				INFOPLIST_FILE = Shebang/Info.plist;
				LD_RUNPATH_SEARCH_PATHS = "$(inherited) @executable_path/../Frameworks";
				PRODUCT_BUNDLE_IDENTIFIER = com.ajaymt.Shebang;
				PRODUCT_NAME = "$(TARGET_NAME)";
			};
			name = Release;
		};
/* End XCBuildConfiguration section */

/* Begin XCConfigurationList section */
		2DDFD4DF1C77A27B00648974 /* Build configuration list for PBXProject "Shebang" */ = {
			isa = XCConfigurationList;
			buildConfigurations = (
				2DDFD4F31C77A27B00648974 /* Debug */,
				2DDFD4F41C77A27B00648974 /* Release */,
			);
			defaultConfigurationIsVisible = 0;
			defaultConfigurationName = Release;
		};
		2DDFD4F51C77A27B00648974 /* Build configuration list for PBXNativeTarget "Shebang" */ = {
			isa = XCConfigurationList;
			buildConfigurations = (
				2DDFD4F61C77A27B00648974 /* Debug */,
				2DDFD4F71C77A27B00648974 /* Release */,
			);
			defaultConfigurationIsVisible = 0;
			defaultConfigurationName = Release;
		};
/* End XCConfigurationList section */
	};
	rootObject = 2DDFD4DC1C77A27B00648974 /* Project object */;
}
